// !$*UTF8*$!
{
	archiveVersion = 1;
	classes = {
	};
	objectVersion = 56;
	objects = {

/* Begin PBXBuildFile section */
		40FC330429A205530050ABC4 /* AppDelegate.swift in Sources */ = {isa = PBXBuildFile; fileRef = 40FC330329A205530050ABC4 /* AppDelegate.swift */; };
		40FC330629A205530050ABC4 /* SceneDelegate.swift in Sources */ = {isa = PBXBuildFile; fileRef = 40FC330529A205530050ABC4 /* SceneDelegate.swift */; };
		40FC330829A205530050ABC4 /* ViewController.swift in Sources */ = {isa = PBXBuildFile; fileRef = 40FC330729A205530050ABC4 /* ViewController.swift */; };
		40FC330B29A205530050ABC4 /* Main.storyboard in Resources */ = {isa = PBXBuildFile; fileRef = 40FC330929A205530050ABC4 /* Main.storyboard */; };
		40FC330D29A205540050ABC4 /* Assets.xcassets in Resources */ = {isa = PBXBuildFile; fileRef = 40FC330C29A205540050ABC4 /* Assets.xcassets */; };
		40FC331029A205540050ABC4 /* LaunchScreen.storyboard in Resources */ = {isa = PBXBuildFile; fileRef = 40FC330E29A205540050ABC4 /* LaunchScreen.storyboard */; };
		40FC331B29A205550050ABC4 /* ImageEditorSwiftTests.swift in Sources */ = {isa = PBXBuildFile; fileRef = 40FC331A29A205550050ABC4 /* ImageEditorSwiftTests.swift */; };
		40FC332529A205550050ABC4 /* ImageEditorSwiftUITests.swift in Sources */ = {isa = PBXBuildFile; fileRef = 40FC332429A205550050ABC4 /* ImageEditorSwiftUITests.swift */; };
		40FC332729A205550050ABC4 /* ImageEditorSwiftUITestsLaunchTests.swift in Sources */ = {isa = PBXBuildFile; fileRef = 40FC332629A205550050ABC4 /* ImageEditorSwiftUITestsLaunchTests.swift */; };
		40FC333829A2058A0050ABC4 /* CropBoxView.swift in Sources */ = {isa = PBXBuildFile; fileRef = 40FC333429A2058A0050ABC4 /* CropBoxView.swift */; };
		40FC333929A2058A0050ABC4 /* ImageCropbox.swift in Sources */ = {isa = PBXBuildFile; fileRef = 40FC333529A2058A0050ABC4 /* ImageCropbox.swift */; };
		40FC333A29A2058A0050ABC4 /* ImageEditProtocol.swift in Sources */ = {isa = PBXBuildFile; fileRef = 40FC333629A2058A0050ABC4 /* ImageEditProtocol.swift */; };
		40FC333B29A2058A0050ABC4 /* ImageCropView.swift in Sources */ = {isa = PBXBuildFile; fileRef = 40FC333729A2058A0050ABC4 /* ImageCropView.swift */; };
		40FC333D29A205FB0050ABC4 /* ImageCropboxViewController.swift in Sources */ = {isa = PBXBuildFile; fileRef = 40FC333C29A205FB0050ABC4 /* ImageCropboxViewController.swift */; };
		40FC333F29A206710050ABC4 /* demo.jpg in Resources */ = {isa = PBXBuildFile; fileRef = 40FC333E29A206710050ABC4 /* demo.jpg */; };
		7BF0F2F529A38DA6007C0E2A /* ImagePreviewViewController.swift in Sources */ = {isa = PBXBuildFile; fileRef = 7BF0F2F429A38DA6007C0E2A /* ImagePreviewViewController.swift */; };
		7BF0F2F729A38E38007C0E2A /* UIImage+ImageEditor.swift in Sources */ = {isa = PBXBuildFile; fileRef = 7BF0F2F629A38E38007C0E2A /* UIImage+ImageEditor.swift */; };
/* End PBXBuildFile section */

/* Begin PBXContainerItemProxy section */
		40FC331729A205550050ABC4 /* PBXContainerItemProxy */ = {
			isa = PBXContainerItemProxy;
			containerPortal = 40FC32F829A205530050ABC4 /* Project object */;
			proxyType = 1;
			remoteGlobalIDString = 40FC32FF29A205530050ABC4;
			remoteInfo = ImageEditorSwift;
		};
		40FC332129A205550050ABC4 /* PBXContainerItemProxy */ = {
			isa = PBXContainerItemProxy;
			containerPortal = 40FC32F829A205530050ABC4 /* Project object */;
			proxyType = 1;
			remoteGlobalIDString = 40FC32FF29A205530050ABC4;
			remoteInfo = ImageEditorSwift;
		};
/* End PBXContainerItemProxy section */

/* Begin PBXFileReference section */
		40FC330029A205530050ABC4 /* ImageEditorSwift.app */ = {isa = PBXFileReference; explicitFileType = wrapper.application; includeInIndex = 0; path = ImageEditorSwift.app; sourceTree = BUILT_PRODUCTS_DIR; };
		40FC330329A205530050ABC4 /* AppDelegate.swift */ = {isa = PBXFileReference; lastKnownFileType = sourcecode.swift; path = AppDelegate.swift; sourceTree = "<group>"; };
		40FC330529A205530050ABC4 /* SceneDelegate.swift */ = {isa = PBXFileReference; lastKnownFileType = sourcecode.swift; path = SceneDelegate.swift; sourceTree = "<group>"; };
		40FC330729A205530050ABC4 /* ViewController.swift */ = {isa = PBXFileReference; lastKnownFileType = sourcecode.swift; path = ViewController.swift; sourceTree = "<group>"; };
		40FC330A29A205530050ABC4 /* Base */ = {isa = PBXFileReference; lastKnownFileType = file.storyboard; name = Base; path = Base.lproj/Main.storyboard; sourceTree = "<group>"; };
		40FC330C29A205540050ABC4 /* Assets.xcassets */ = {isa = PBXFileReference; lastKnownFileType = folder.assetcatalog; path = Assets.xcassets; sourceTree = "<group>"; };
		40FC330F29A205540050ABC4 /* Base */ = {isa = PBXFileReference; lastKnownFileType = file.storyboard; name = Base; path = Base.lproj/LaunchScreen.storyboard; sourceTree = "<group>"; };
		40FC331129A205540050ABC4 /* Info.plist */ = {isa = PBXFileReference; lastKnownFileType = text.plist.xml; path = Info.plist; sourceTree = "<group>"; };
		40FC331629A205550050ABC4 /* ImageEditorSwiftTests.xctest */ = {isa = PBXFileReference; explicitFileType = wrapper.cfbundle; includeInIndex = 0; path = ImageEditorSwiftTests.xctest; sourceTree = BUILT_PRODUCTS_DIR; };
		40FC331A29A205550050ABC4 /* ImageEditorSwiftTests.swift */ = {isa = PBXFileReference; lastKnownFileType = sourcecode.swift; path = ImageEditorSwiftTests.swift; sourceTree = "<group>"; };
		40FC332029A205550050ABC4 /* ImageEditorSwiftUITests.xctest */ = {isa = PBXFileReference; explicitFileType = wrapper.cfbundle; includeInIndex = 0; path = ImageEditorSwiftUITests.xctest; sourceTree = BUILT_PRODUCTS_DIR; };
		40FC332429A205550050ABC4 /* ImageEditorSwiftUITests.swift */ = {isa = PBXFileReference; lastKnownFileType = sourcecode.swift; path = ImageEditorSwiftUITests.swift; sourceTree = "<group>"; };
		40FC332629A205550050ABC4 /* ImageEditorSwiftUITestsLaunchTests.swift */ = {isa = PBXFileReference; lastKnownFileType = sourcecode.swift; path = ImageEditorSwiftUITestsLaunchTests.swift; sourceTree = "<group>"; };
		40FC333429A2058A0050ABC4 /* CropBoxView.swift */ = {isa = PBXFileReference; fileEncoding = 4; lastKnownFileType = sourcecode.swift; path = CropBoxView.swift; sourceTree = "<group>"; };
		40FC333529A2058A0050ABC4 /* ImageCropbox.swift */ = {isa = PBXFileReference; fileEncoding = 4; lastKnownFileType = sourcecode.swift; path = ImageCropbox.swift; sourceTree = "<group>"; };
		40FC333629A2058A0050ABC4 /* ImageEditProtocol.swift */ = {isa = PBXFileReference; fileEncoding = 4; lastKnownFileType = sourcecode.swift; path = ImageEditProtocol.swift; sourceTree = "<group>"; };
		40FC333729A2058A0050ABC4 /* ImageCropView.swift */ = {isa = PBXFileReference; fileEncoding = 4; lastKnownFileType = sourcecode.swift; path = ImageCropView.swift; sourceTree = "<group>"; };
		40FC333C29A205FB0050ABC4 /* ImageCropboxViewController.swift */ = {isa = PBXFileReference; lastKnownFileType = sourcecode.swift; path = ImageCropboxViewController.swift; sourceTree = "<group>"; };
		40FC333E29A206710050ABC4 /* demo.jpg */ = {isa = PBXFileReference; lastKnownFileType = image.jpeg; path = demo.jpg; sourceTree = "<group>"; };
		7BF0F2F429A38DA6007C0E2A /* ImagePreviewViewController.swift */ = {isa = PBXFileReference; lastKnownFileType = sourcecode.swift; path = ImagePreviewViewController.swift; sourceTree = "<group>"; };
		7BF0F2F629A38E38007C0E2A /* UIImage+ImageEditor.swift */ = {isa = PBXFileReference; lastKnownFileType = sourcecode.swift; path = "UIImage+ImageEditor.swift"; sourceTree = "<group>"; };
/* End PBXFileReference section */

/* Begin PBXFrameworksBuildPhase section */
		40FC32FD29A205530050ABC4 /* Frameworks */ = {
			isa = PBXFrameworksBuildPhase;
			buildActionMask = 2147483647;
			files = (
			);
			runOnlyForDeploymentPostprocessing = 0;
		};
		40FC331329A205550050ABC4 /* Frameworks */ = {
			isa = PBXFrameworksBuildPhase;
			buildActionMask = 2147483647;
			files = (
			);
			runOnlyForDeploymentPostprocessing = 0;
		};
		40FC331D29A205550050ABC4 /* Frameworks */ = {
			isa = PBXFrameworksBuildPhase;
			buildActionMask = 2147483647;
			files = (
			);
			runOnlyForDeploymentPostprocessing = 0;
		};
/* End PBXFrameworksBuildPhase section */

/* Begin PBXGroup section */
		40FC32F729A205530050ABC4 = {
			isa = PBXGroup;
			children = (
				40FC330229A205530050ABC4 /* ImageEditorSwift */,
				40FC331929A205550050ABC4 /* ImageEditorSwiftTests */,
				40FC332329A205550050ABC4 /* ImageEditorSwiftUITests */,
				40FC330129A205530050ABC4 /* Products */,
			);
			sourceTree = "<group>";
		};
		40FC330129A205530050ABC4 /* Products */ = {
			isa = PBXGroup;
			children = (
				40FC330029A205530050ABC4 /* ImageEditorSwift.app */,
				40FC331629A205550050ABC4 /* ImageEditorSwiftTests.xctest */,
				40FC332029A205550050ABC4 /* ImageEditorSwiftUITests.xctest */,
			);
			name = Products;
			sourceTree = "<group>";
		};
		40FC330229A205530050ABC4 /* ImageEditorSwift */ = {
			isa = PBXGroup;
			children = (
				40FC333329A2058A0050ABC4 /* ImageEditor */,
				40FC330329A205530050ABC4 /* AppDelegate.swift */,
				40FC330529A205530050ABC4 /* SceneDelegate.swift */,
				40FC330729A205530050ABC4 /* ViewController.swift */,
				40FC333C29A205FB0050ABC4 /* ImageCropboxViewController.swift */,
				7BF0F2F429A38DA6007C0E2A /* ImagePreviewViewController.swift */,
				7BF0F2F629A38E38007C0E2A /* UIImage+ImageEditor.swift */,
				40FC333E29A206710050ABC4 /* demo.jpg */,
				40FC330929A205530050ABC4 /* Main.storyboard */,
				40FC330C29A205540050ABC4 /* Assets.xcassets */,
				40FC330E29A205540050ABC4 /* LaunchScreen.storyboard */,
				40FC331129A205540050ABC4 /* Info.plist */,
			);
			path = ImageEditorSwift;
			sourceTree = "<group>";
		};
		40FC331929A205550050ABC4 /* ImageEditorSwiftTests */ = {
			isa = PBXGroup;
			children = (
				40FC331A29A205550050ABC4 /* ImageEditorSwiftTests.swift */,
			);
			path = ImageEditorSwiftTests;
			sourceTree = "<group>";
		};
		40FC332329A205550050ABC4 /* ImageEditorSwiftUITests */ = {
			isa = PBXGroup;
			children = (
				40FC332429A205550050ABC4 /* ImageEditorSwiftUITests.swift */,
				40FC332629A205550050ABC4 /* ImageEditorSwiftUITestsLaunchTests.swift */,
			);
			path = ImageEditorSwiftUITests;
			sourceTree = "<group>";
		};
		40FC333329A2058A0050ABC4 /* ImageEditor */ = {
			isa = PBXGroup;
			children = (
				40FC333429A2058A0050ABC4 /* CropBoxView.swift */,
				40FC333529A2058A0050ABC4 /* ImageCropbox.swift */,
				40FC333629A2058A0050ABC4 /* ImageEditProtocol.swift */,
				40FC333729A2058A0050ABC4 /* ImageCropView.swift */,
			);
			path = ImageEditor;
			sourceTree = SOURCE_ROOT;
		};
/* End PBXGroup section */

/* Begin PBXNativeTarget section */
		40FC32FF29A205530050ABC4 /* ImageEditorSwift */ = {
			isa = PBXNativeTarget;
			buildConfigurationList = 40FC332A29A205550050ABC4 /* Build configuration list for PBXNativeTarget "ImageEditorSwift" */;
			buildPhases = (
				40FC32FC29A205530050ABC4 /* Sources */,
				40FC32FD29A205530050ABC4 /* Frameworks */,
				40FC32FE29A205530050ABC4 /* Resources */,
			);
			buildRules = (
			);
			dependencies = (
			);
			name = ImageEditorSwift;
			productName = ImageEditorSwift;
			productReference = 40FC330029A205530050ABC4 /* ImageEditorSwift.app */;
			productType = "com.apple.product-type.application";
		};
		40FC331529A205550050ABC4 /* ImageEditorSwiftTests */ = {
			isa = PBXNativeTarget;
			buildConfigurationList = 40FC332D29A205550050ABC4 /* Build configuration list for PBXNativeTarget "ImageEditorSwiftTests" */;
			buildPhases = (
				40FC331229A205550050ABC4 /* Sources */,
				40FC331329A205550050ABC4 /* Frameworks */,
				40FC331429A205550050ABC4 /* Resources */,
			);
			buildRules = (
			);
			dependencies = (
				40FC331829A205550050ABC4 /* PBXTargetDependency */,
			);
			name = ImageEditorSwiftTests;
			productName = ImageEditorSwiftTests;
			productReference = 40FC331629A205550050ABC4 /* ImageEditorSwiftTests.xctest */;
			productType = "com.apple.product-type.bundle.unit-test";
		};
		40FC331F29A205550050ABC4 /* ImageEditorSwiftUITests */ = {
			isa = PBXNativeTarget;
			buildConfigurationList = 40FC333029A205550050ABC4 /* Build configuration list for PBXNativeTarget "ImageEditorSwiftUITests" */;
			buildPhases = (
				40FC331C29A205550050ABC4 /* Sources */,
				40FC331D29A205550050ABC4 /* Frameworks */,
				40FC331E29A205550050ABC4 /* Resources */,
			);
			buildRules = (
			);
			dependencies = (
				40FC332229A205550050ABC4 /* PBXTargetDependency */,
			);
			name = ImageEditorSwiftUITests;
			productName = ImageEditorSwiftUITests;
			productReference = 40FC332029A205550050ABC4 /* ImageEditorSwiftUITests.xctest */;
			productType = "com.apple.product-type.bundle.ui-testing";
		};
/* End PBXNativeTarget section */

/* Begin PBXProject section */
		40FC32F829A205530050ABC4 /* Project object */ = {
			isa = PBXProject;
			attributes = {
				BuildIndependentTargetsInParallel = 1;
				LastSwiftUpdateCheck = 1420;
				LastUpgradeCheck = 1420;
				TargetAttributes = {
					40FC32FF29A205530050ABC4 = {
						CreatedOnToolsVersion = 14.2;
					};
					40FC331529A205550050ABC4 = {
						CreatedOnToolsVersion = 14.2;
						TestTargetID = 40FC32FF29A205530050ABC4;
					};
					40FC331F29A205550050ABC4 = {
						CreatedOnToolsVersion = 14.2;
						TestTargetID = 40FC32FF29A205530050ABC4;
					};
				};
			};
			buildConfigurationList = 40FC32FB29A205530050ABC4 /* Build configuration list for PBXProject "ImageEditorSwift" */;
			compatibilityVersion = "Xcode 14.0";
			developmentRegion = en;
			hasScannedForEncodings = 0;
			knownRegions = (
				en,
				Base,
			);
			mainGroup = 40FC32F729A205530050ABC4;
			productRefGroup = 40FC330129A205530050ABC4 /* Products */;
			projectDirPath = "";
			projectRoot = "";
			targets = (
				40FC32FF29A205530050ABC4 /* ImageEditorSwift */,
				40FC331529A205550050ABC4 /* ImageEditorSwiftTests */,
				40FC331F29A205550050ABC4 /* ImageEditorSwiftUITests */,
			);
		};
/* End PBXProject section */

/* Begin PBXResourcesBuildPhase section */
		40FC32FE29A205530050ABC4 /* Resources */ = {
			isa = PBXResourcesBuildPhase;
			buildActionMask = 2147483647;
			files = (
				40FC331029A205540050ABC4 /* LaunchScreen.storyboard in Resources */,
				40FC330D29A205540050ABC4 /* Assets.xcassets in Resources */,
				40FC333F29A206710050ABC4 /* demo.jpg in Resources */,
				40FC330B29A205530050ABC4 /* Main.storyboard in Resources */,
			);
			runOnlyForDeploymentPostprocessing = 0;
		};
		40FC331429A205550050ABC4 /* Resources */ = {
			isa = PBXResourcesBuildPhase;
			buildActionMask = 2147483647;
			files = (
			);
			runOnlyForDeploymentPostprocessing = 0;
		};
		40FC331E29A205550050ABC4 /* Resources */ = {
			isa = PBXResourcesBuildPhase;
			buildActionMask = 2147483647;
			files = (
			);
			runOnlyForDeploymentPostprocessing = 0;
		};
/* End PBXResourcesBuildPhase section */

/* Begin PBXSourcesBuildPhase section */
		40FC32FC29A205530050ABC4 /* Sources */ = {
			isa = PBXSourcesBuildPhase;
			buildActionMask = 2147483647;
			files = (
				40FC333929A2058A0050ABC4 /* ImageCropbox.swift in Sources */,
				7BF0F2F529A38DA6007C0E2A /* ImagePreviewViewController.swift in Sources */,
				40FC333829A2058A0050ABC4 /* CropBoxView.swift in Sources */,
				40FC330829A205530050ABC4 /* ViewController.swift in Sources */,
				7BF0F2F729A38E38007C0E2A /* UIImage+ImageEditor.swift in Sources */,
				40FC333A29A2058A0050ABC4 /* ImageEditProtocol.swift in Sources */,
				40FC333D29A205FB0050ABC4 /* ImageCropboxViewController.swift in Sources */,
				40FC330429A205530050ABC4 /* AppDelegate.swift in Sources */,
				40FC333B29A2058A0050ABC4 /* ImageCropView.swift in Sources */,
				40FC330629A205530050ABC4 /* SceneDelegate.swift in Sources */,
			);
			runOnlyForDeploymentPostprocessing = 0;
		};
		40FC331229A205550050ABC4 /* Sources */ = {
			isa = PBXSourcesBuildPhase;
			buildActionMask = 2147483647;
			files = (
				40FC331B29A205550050ABC4 /* ImageEditorSwiftTests.swift in Sources */,
			);
			runOnlyForDeploymentPostprocessing = 0;
		};
		40FC331C29A205550050ABC4 /* Sources */ = {
			isa = PBXSourcesBuildPhase;
			buildActionMask = 2147483647;
			files = (
				40FC332529A205550050ABC4 /* ImageEditorSwiftUITests.swift in Sources */,
				40FC332729A205550050ABC4 /* ImageEditorSwiftUITestsLaunchTests.swift in Sources */,
			);
			runOnlyForDeploymentPostprocessing = 0;
		};
/* End PBXSourcesBuildPhase section */

/* Begin PBXTargetDependency section */
		40FC331829A205550050ABC4 /* PBXTargetDependency */ = {
			isa = PBXTargetDependency;
			target = 40FC32FF29A205530050ABC4 /* ImageEditorSwift */;
			targetProxy = 40FC331729A205550050ABC4 /* PBXContainerItemProxy */;
		};
		40FC332229A205550050ABC4 /* PBXTargetDependency */ = {
			isa = PBXTargetDependency;
			target = 40FC32FF29A205530050ABC4 /* ImageEditorSwift */;
			targetProxy = 40FC332129A205550050ABC4 /* PBXContainerItemProxy */;
		};
/* End PBXTargetDependency section */

/* Begin PBXVariantGroup section */
		40FC330929A205530050ABC4 /* Main.storyboard */ = {
			isa = PBXVariantGroup;
			children = (
				40FC330A29A205530050ABC4 /* Base */,
			);
			name = Main.storyboard;
			sourceTree = "<group>";
		};
		40FC330E29A205540050ABC4 /* LaunchScreen.storyboard */ = {
			isa = PBXVariantGroup;
			children = (
				40FC330F29A205540050ABC4 /* Base */,
			);
			name = LaunchScreen.storyboard;
			sourceTree = "<group>";
		};
/* End PBXVariantGroup section */

/* Begin XCBuildConfiguration section */
		40FC332829A205550050ABC4 /* Debug */ = {
			isa = XCBuildConfiguration;
			buildSettings = {
				ALWAYS_SEARCH_USER_PATHS = NO;
				CLANG_ANALYZER_NONNULL = YES;
				CLANG_ANALYZER_NUMBER_OBJECT_CONVERSION = YES_AGGRESSIVE;
				CLANG_CXX_LANGUAGE_STANDARD = "gnu++20";
				CLANG_ENABLE_MODULES = YES;
				CLANG_ENABLE_OBJC_ARC = YES;
				CLANG_ENABLE_OBJC_WEAK = YES;
				CLANG_WARN_BLOCK_CAPTURE_AUTORELEASING = YES;
				CLANG_WARN_BOOL_CONVERSION = YES;
				CLANG_WARN_COMMA = YES;
				CLANG_WARN_CONSTANT_CONVERSION = YES;
				CLANG_WARN_DEPRECATED_OBJC_IMPLEMENTATIONS = YES;
				CLANG_WARN_DIRECT_OBJC_ISA_USAGE = YES_ERROR;
				CLANG_WARN_DOCUMENTATION_COMMENTS = YES;
				CLANG_WARN_EMPTY_BODY = YES;
				CLANG_WARN_ENUM_CONVERSION = YES;
				CLANG_WARN_INFINITE_RECURSION = YES;
				CLANG_WARN_INT_CONVERSION = YES;
				CLANG_WARN_NON_LITERAL_NULL_CONVERSION = YES;
				CLANG_WARN_OBJC_IMPLICIT_RETAIN_SELF = YES;
				CLANG_WARN_OBJC_LITERAL_CONVERSION = YES;
				CLANG_WARN_OBJC_ROOT_CLASS = YES_ERROR;
				CLANG_WARN_QUOTED_INCLUDE_IN_FRAMEWORK_HEADER = YES;
				CLANG_WARN_RANGE_LOOP_ANALYSIS = YES;
				CLANG_WARN_STRICT_PROTOTYPES = YES;
				CLANG_WARN_SUSPICIOUS_MOVE = YES;
				CLANG_WARN_UNGUARDED_AVAILABILITY = YES_AGGRESSIVE;
				CLANG_WARN_UNREACHABLE_CODE = YES;
				CLANG_WARN__DUPLICATE_METHOD_MATCH = YES;
				COPY_PHASE_STRIP = NO;
				DEBUG_INFORMATION_FORMAT = dwarf;
				ENABLE_STRICT_OBJC_MSGSEND = YES;
				ENABLE_TESTABILITY = YES;
				GCC_C_LANGUAGE_STANDARD = gnu11;
				GCC_DYNAMIC_NO_PIC = NO;
				GCC_NO_COMMON_BLOCKS = YES;
				GCC_OPTIMIZATION_LEVEL = 0;
				GCC_PREPROCESSOR_DEFINITIONS = (
					"DEBUG=1",
					"$(inherited)",
				);
				GCC_WARN_64_TO_32_BIT_CONVERSION = YES;
				GCC_WARN_ABOUT_RETURN_TYPE = YES_ERROR;
				GCC_WARN_UNDECLARED_SELECTOR = YES;
				GCC_WARN_UNINITIALIZED_AUTOS = YES_AGGRESSIVE;
				GCC_WARN_UNUSED_FUNCTION = YES;
				GCC_WARN_UNUSED_VARIABLE = YES;
				IPHONEOS_DEPLOYMENT_TARGET = 16.2;
				MTL_ENABLE_DEBUG_INFO = INCLUDE_SOURCE;
				MTL_FAST_MATH = YES;
				ONLY_ACTIVE_ARCH = YES;
				SDKROOT = iphoneos;
				SWIFT_ACTIVE_COMPILATION_CONDITIONS = DEBUG;
				SWIFT_OPTIMIZATION_LEVEL = "-Onone";
			};
			name = Debug;
		};
		40FC332929A205550050ABC4 /* Release */ = {
			isa = XCBuildConfiguration;
			buildSettings = {
				ALWAYS_SEARCH_USER_PATHS = NO;
				CLANG_ANALYZER_NONNULL = YES;
				CLANG_ANALYZER_NUMBER_OBJECT_CONVERSION = YES_AGGRESSIVE;
				CLANG_CXX_LANGUAGE_STANDARD = "gnu++20";
				CLANG_ENABLE_MODULES = YES;
				CLANG_ENABLE_OBJC_ARC = YES;
				CLANG_ENABLE_OBJC_WEAK = YES;
				CLANG_WARN_BLOCK_CAPTURE_AUTORELEASING = YES;
				CLANG_WARN_BOOL_CONVERSION = YES;
				CLANG_WARN_COMMA = YES;
				CLANG_WARN_CONSTANT_CONVERSION = YES;
				CLANG_WARN_DEPRECATED_OBJC_IMPLEMENTATIONS = YES;
				CLANG_WARN_DIRECT_OBJC_ISA_USAGE = YES_ERROR;
				CLANG_WARN_DOCUMENTATION_COMMENTS = YES;
				CLANG_WARN_EMPTY_BODY = YES;
				CLANG_WARN_ENUM_CONVERSION = YES;
				CLANG_WARN_INFINITE_RECURSION = YES;
				CLANG_WARN_INT_CONVERSION = YES;
				CLANG_WARN_NON_LITERAL_NULL_CONVERSION = YES;
				CLANG_WARN_OBJC_IMPLICIT_RETAIN_SELF = YES;
				CLANG_WARN_OBJC_LITERAL_CONVERSION = YES;
				CLANG_WARN_OBJC_ROOT_CLASS = YES_ERROR;
				CLANG_WARN_QUOTED_INCLUDE_IN_FRAMEWORK_HEADER = YES;
				CLANG_WARN_RANGE_LOOP_ANALYSIS = YES;
				CLANG_WARN_STRICT_PROTOTYPES = YES;
				CLANG_WARN_SUSPICIOUS_MOVE = YES;
				CLANG_WARN_UNGUARDED_AVAILABILITY = YES_AGGRESSIVE;
				CLANG_WARN_UNREACHABLE_CODE = YES;
				CLANG_WARN__DUPLICATE_METHOD_MATCH = YES;
				COPY_PHASE_STRIP = NO;
				DEBUG_INFORMATION_FORMAT = "dwarf-with-dsym";
				ENABLE_NS_ASSERTIONS = NO;
				ENABLE_STRICT_OBJC_MSGSEND = YES;
				GCC_C_LANGUAGE_STANDARD = gnu11;
				GCC_NO_COMMON_BLOCKS = YES;
				GCC_WARN_64_TO_32_BIT_CONVERSION = YES;
				GCC_WARN_ABOUT_RETURN_TYPE = YES_ERROR;
				GCC_WARN_UNDECLARED_SELECTOR = YES;
				GCC_WARN_UNINITIALIZED_AUTOS = YES_AGGRESSIVE;
				GCC_WARN_UNUSED_FUNCTION = YES;
				GCC_WARN_UNUSED_VARIABLE = YES;
				IPHONEOS_DEPLOYMENT_TARGET = 16.2;
				MTL_ENABLE_DEBUG_INFO = NO;
				MTL_FAST_MATH = YES;
				SDKROOT = iphoneos;
				SWIFT_COMPILATION_MODE = wholemodule;
				SWIFT_OPTIMIZATION_LEVEL = "-O";
				VALIDATE_PRODUCT = YES;
			};
			name = Release;
		};
		40FC332B29A205550050ABC4 /* Debug */ = {
			isa = XCBuildConfiguration;
			buildSettings = {
				ASSETCATALOG_COMPILER_APPICON_NAME = AppIcon;
				ASSETCATALOG_COMPILER_GLOBAL_ACCENT_COLOR_NAME = AccentColor;
				CODE_SIGN_STYLE = Automatic;
				CURRENT_PROJECT_VERSION = 1;
				DEVELOPMENT_TEAM = 65BZ7J45PP;
				GENERATE_INFOPLIST_FILE = YES;
				INFOPLIST_FILE = ImageEditorSwift/Info.plist;
				INFOPLIST_KEY_UIApplicationSupportsIndirectInputEvents = YES;
				INFOPLIST_KEY_UILaunchStoryboardName = LaunchScreen;
				INFOPLIST_KEY_UIMainStoryboardFile = "";
				INFOPLIST_KEY_UISupportedInterfaceOrientations_iPad = "UIInterfaceOrientationPortrait UIInterfaceOrientationPortraitUpsideDown UIInterfaceOrientationLandscapeLeft UIInterfaceOrientationLandscapeRight";
				INFOPLIST_KEY_UISupportedInterfaceOrientations_iPhone = "UIInterfaceOrientationPortrait UIInterfaceOrientationLandscapeLeft UIInterfaceOrientationLandscapeRight";
				IPHONEOS_DEPLOYMENT_TARGET = 16.1;
				LD_RUNPATH_SEARCH_PATHS = (
					"$(inherited)",
					"@executable_path/Frameworks",
				);
				MARKETING_VERSION = 1.0;
				PRODUCT_BUNDLE_IDENTIFIER = com.michael.ImageEditorSwift;
				PRODUCT_NAME = "$(TARGET_NAME)";
				SWIFT_EMIT_LOC_STRINGS = YES;
				SWIFT_VERSION = 5.0;
				TARGETED_DEVICE_FAMILY = "1,2";
			};
			name = Debug;
		};
		40FC332C29A205550050ABC4 /* Release */ = {
			isa = XCBuildConfiguration;
			buildSettings = {
				ASSETCATALOG_COMPILER_APPICON_NAME = AppIcon;
				ASSETCATALOG_COMPILER_GLOBAL_ACCENT_COLOR_NAME = AccentColor;
				CODE_SIGN_STYLE = Automatic;
				CURRENT_PROJECT_VERSION = 1;
				DEVELOPMENT_TEAM = 65BZ7J45PP;
				GENERATE_INFOPLIST_FILE = YES;
				INFOPLIST_FILE = ImageEditorSwift/Info.plist;
				INFOPLIST_KEY_UIApplicationSupportsIndirectInputEvents = YES;
				INFOPLIST_KEY_UILaunchStoryboardName = LaunchScreen;
				INFOPLIST_KEY_UIMainStoryboardFile = "";
				INFOPLIST_KEY_UISupportedInterfaceOrientations_iPad = "UIInterfaceOrientationPortrait UIInterfaceOrientationPortraitUpsideDown UIInterfaceOrientationLandscapeLeft UIInterfaceOrientationLandscapeRight";
				INFOPLIST_KEY_UISupportedInterfaceOrientations_iPhone = "UIInterfaceOrientationPortrait UIInterfaceOrientationLandscapeLeft UIInterfaceOrientationLandscapeRight";
				IPHONEOS_DEPLOYMENT_TARGET = 16.1;
				LD_RUNPATH_SEARCH_PATHS = (
					"$(inherited)",
					"@executable_path/Frameworks",
				);
				MARKETING_VERSION = 1.0;
				PRODUCT_BUNDLE_IDENTIFIER = com.michael.ImageEditorSwift;
				PRODUCT_NAME = "$(TARGET_NAME)";
				SWIFT_EMIT_LOC_STRINGS = YES;
				SWIFT_VERSION = 5.0;
				TARGETED_DEVICE_FAMILY = "1,2";
			};
			name = Release;
		};
		40FC332E29A205550050ABC4 /* Debug */ = {
			isa = XCBuildConfiguration;
			buildSettings = {
				ALWAYS_EMBED_SWIFT_STANDARD_LIBRARIES = YES;
				BUNDLE_LOADER = "$(TEST_HOST)";
				CODE_SIGN_STYLE = Automatic;
				CURRENT_PROJECT_VERSION = 1;
				DEVELOPMENT_TEAM = 65BZ7J45PP;
				GENERATE_INFOPLIST_FILE = YES;
				IPHONEOS_DEPLOYMENT_TARGET = 16.2;
				MARKETING_VERSION = 1.0;
				PRODUCT_BUNDLE_IDENTIFIER = com.michael.ImageEditorSwiftTests;
				PRODUCT_NAME = "$(TARGET_NAME)";
				SWIFT_EMIT_LOC_STRINGS = NO;
				SWIFT_VERSION = 5.0;
				TARGETED_DEVICE_FAMILY = "1,2";
				TEST_HOST = "$(BUILT_PRODUCTS_DIR)/ImageEditorSwift.app/$(BUNDLE_EXECUTABLE_FOLDER_PATH)/ImageEditorSwift";
			};
			name = Debug;
		};
		40FC332F29A205550050ABC4 /* Release */ = {
			isa = XCBuildConfiguration;
			buildSettings = {
				ALWAYS_EMBED_SWIFT_STANDARD_LIBRARIES = YES;
				BUNDLE_LOADER = "$(TEST_HOST)";
				CODE_SIGN_STYLE = Automatic;
				CURRENT_PROJECT_VERSION = 1;
				DEVELOPMENT_TEAM = 65BZ7J45PP;
				GENERATE_INFOPLIST_FILE = YES;
				IPHONEOS_DEPLOYMENT_TARGET = 16.2;
				MARKETING_VERSION = 1.0;
				PRODUCT_BUNDLE_IDENTIFIER = com.michael.ImageEditorSwiftTests;
				PRODUCT_NAME = "$(TARGET_NAME)";
				SWIFT_EMIT_LOC_STRINGS = NO;
				SWIFT_VERSION = 5.0;
				TARGETED_DEVICE_FAMILY = "1,2";
				TEST_HOST = "$(BUILT_PRODUCTS_DIR)/ImageEditorSwift.app/$(BUNDLE_EXECUTABLE_FOLDER_PATH)/ImageEditorSwift";
			};
			name = Release;
		};
		40FC333129A205550050ABC4 /* Debug */ = {
			isa = XCBuildConfiguration;
			buildSettings = {
				ALWAYS_EMBED_SWIFT_STANDARD_LIBRARIES = YES;
				CODE_SIGN_STYLE = Automatic;
				CURRENT_PROJECT_VERSION = 1;
				DEVELOPMENT_TEAM = 65BZ7J45PP;
				GENERATE_INFOPLIST_FILE = YES;
				MARKETING_VERSION = 1.0;
				PRODUCT_BUNDLE_IDENTIFIER = com.michael.ImageEditorSwiftUITests;
				PRODUCT_NAME = "$(TARGET_NAME)";
				SWIFT_EMIT_LOC_STRINGS = NO;
				SWIFT_VERSION = 5.0;
				TARGETED_DEVICE_FAMILY = "1,2";
				TEST_TARGET_NAME = ImageEditorSwift;
			};
			name = Debug;
		};
		40FC333229A205550050ABC4 /* Release */ = {
			isa = XCBuildConfiguration;
			buildSettings = {
				ALWAYS_EMBED_SWIFT_STANDARD_LIBRARIES = YES;
				CODE_SIGN_STYLE = Automatic;
				CURRENT_PROJECT_VERSION = 1;
				DEVELOPMENT_TEAM = 65BZ7J45PP;
				GENERATE_INFOPLIST_FILE = YES;
				MARKETING_VERSION = 1.0;
				PRODUCT_BUNDLE_IDENTIFIER = com.michael.ImageEditorSwiftUITests;
				PRODUCT_NAME = "$(TARGET_NAME)";
				SWIFT_EMIT_LOC_STRINGS = NO;
				SWIFT_VERSION = 5.0;
				TARGETED_DEVICE_FAMILY = "1,2";
				TEST_TARGET_NAME = ImageEditorSwift;
			};
			name = Release;
		};
/* End XCBuildConfiguration section */

/* Begin XCConfigurationList section */
		40FC32FB29A205530050ABC4 /* Build configuration list for PBXProject "ImageEditorSwift" */ = {
			isa = XCConfigurationList;
			buildConfigurations = (
				40FC332829A205550050ABC4 /* Debug */,
				40FC332929A205550050ABC4 /* Release */,
			);
			defaultConfigurationIsVisible = 0;
			defaultConfigurationName = Release;
		};
		40FC332A29A205550050ABC4 /* Build configuration list for PBXNativeTarget "ImageEditorSwift" */ = {
			isa = XCConfigurationList;
			buildConfigurations = (
				40FC332B29A205550050ABC4 /* Debug */,
				40FC332C29A205550050ABC4 /* Release */,
			);
			defaultConfigurationIsVisible = 0;
			defaultConfigurationName = Release;
		};
		40FC332D29A205550050ABC4 /* Build configuration list for PBXNativeTarget "ImageEditorSwiftTests" */ = {
			isa = XCConfigurationList;
			buildConfigurations = (
				40FC332E29A205550050ABC4 /* Debug */,
				40FC332F29A205550050ABC4 /* Release */,
			);
			defaultConfigurationIsVisible = 0;
			defaultConfigurationName = Release;
		};
		40FC333029A205550050ABC4 /* Build configuration list for PBXNativeTarget "ImageEditorSwiftUITests" */ = {
			isa = XCConfigurationList;
			buildConfigurations = (
				40FC333129A205550050ABC4 /* Debug */,
				40FC333229A205550050ABC4 /* Release */,
			);
			defaultConfigurationIsVisible = 0;
			defaultConfigurationName = Release;
		};
/* End XCConfigurationList section */
	};
	rootObject = 40FC32F829A205530050ABC4 /* Project object */;
}
